github.com/AdaLogics/go-fuzz-headers v0.0.0-20240806141605-e8a1dd7889d6 h1:He8afgbRMd7mFxO99hRNu+6tazq8nFF9lIwo9JFroBk=
github.com/AdaLogics/go-fuzz-headers v0.0.0-20240806141605-e8a1dd7889d6/go.mod h1:8o94RPi1/7XTJvwPpRSzSUedZrtlirdB3r9Z20bi2f8=
github.com/DefangLabs/secret-detector v0.0.0-20250403165618-22662109213e h1:rd4bOvKmDIx0WeTv9Qz+hghsgyjikFiPrseXHlKepO0=
github.com/DefangLabs/secret-detector v0.0.0-20250403165618-22662109213e/go.mod h1:blbwPQh4DTlCZEfk1BLU4oMIhLda2U+A840Uag9DsZw=
github.com/cespare/xxhash/v2 v2.3.0 h1:UL815xU9SqsFlibzuggzjXhog7bL6oX9BbNZnL2UFvs=
github.com/cespare/xxhash/v2 v2.3.0/go.mod h1:VGX0DQ3Q6kWi7AoAeZDth3/j3BFtOZR5XLFGgcrjCOs=
github.com/codahale/rfc6979 v0.0.0-20141003034818-6a90f24967eb h1:EDmT6Q9Zs+SbUoc7Ik9EfrFqcylYqgPZ9ANSbTAntnE=
github.com/codahale/rfc6979 v0.0.0-20141003034818-6a90f24967eb/go.mod h1:ZjrT6AXHbDs86ZSdt/osfBi5qfexBrKUdONk989Wnk4=
github.com/compose-spec/compose-go/v2 v2.13.0 h1:2+2oS3v4SrtAOBdZRAZYBsBy47D571p5EXMSCppmTtE=
github.com/compose-spec/compose-go/v2 v2.13.0/go.mod h1:ZU6zlcweCZKyiB7BVfCizQT9XmkEIMFE+PRZydVcsZg=
github.com/containerd/containerd/v2 v2.3.3 h1:MUNBVVBTBpPll7KPh5GTvkC3cfG03PQLAHVdsUoue9k=
github.com/containerd/containerd/v2 v2.3.3/go.mod h1:rHKGm3VW6wNrINb3x8mNT+w7qYXFVElTt/8HTuxVhD4=
github.com/containerd/errdefs v1.0.0 h1:tg5yIfIlQIrxYtu9ajqY42W3lpS19XqdxRQeEwYG8PI=
github.com/containerd/errdefs v1.0.0/go.mod h1:+YBYIdtsnF4Iw6nWZhJcqGSg/dwvV7tyJ/kCkyJ2k+M=
github.com/containerd/log v0.1.0 h1:TCJt7ioM2cr/tfR8GPbGf9/VRAX8D2B4PjzCpfX540I=
github.com/containerd/log v0.1.0/go.mod h1:VRRf09a7mHDIRezVKTRCrOq78v577GXq3bSa3EhrzVo=
github.com/containerd/platforms v1.0.0-rc.4 h1:M42JrUT4zfZTqtkUwkr0GzmUWbfyO5VO0Q5b3op97T4=
github.com/containerd/platforms v1.0.0-rc.4/go.mod h1:lKlMXyLybmBedS/JJm11uDofzI8L2v0J2ZbYvNsbq1A=
github.com/containerd/ttrpc v1.2.8 h1:xbVu6D4qF2jihdh9rDVOKqUMiFBQk6YctTdo1zk087Y=
github.com/containerd/ttrpc v1.2.8/go.mod h1:wyZW2K79t4Hfcxl+GUvkZqRBzJlqFFvgEeeWXa42tyE=
github.com/containerd/typeurl/v2 v2.3.0 h1:HZHPhRWo5XMy3QGQoPrUzbW/2ckwjfweHmOwlkIrPAQ=
github.com/containerd/typeurl/v2 v2.3.0/go.mod h1:Qk+PAdUYArVj41TnGi6rJ+48RF0PkcTc4i/taoBcK0w=
github.com/davecgh/go-spew v1.1.2-0.20180830191138-d8f796af33cc h1:U9qPSI2PIWSS1VwoXQT9A3Wy9MM3WgvqSxFWenqJduM=
github.com/davecgh/go-spew v1.1.2-0.20180830191138-d8f796af33cc/go.mod h1:J7Y8YcW2NihsgmVo/mv3lAwl/skON4iLHjSsI+c5H38=
github.com/distribution/reference v0.6.0 h1:0IXCQ5g4/QMHHkarYzh5l+u8T3t73zM5QvfrDyIgxBk=
github.com/distribution/reference v0.6.0/go.mod h1:BbU0aIcezP1/5jX/8MP0YiH4SdvB5Y4f/wlDRiLyi3E=
github.com/dlclark/regexp2 v1.11.0 h1:G/nrcoOa7ZXlpoa/91N3X7mM3r8eIlMBBJZvsz/mxKI=
github.com/dlclark/regexp2 v1.11.0/go.mod h1:DHkYz0B9wPfa6wondMfaivmHpzrQ3v9q8cnmRbL6yW8=
github.com/docker/cli v29.6.1+incompatible h1:oO7F4nn3Ovr/5TlfTUWFbMwBSS/B7Xs6Epv26gBrUP8=
github.com/docker/cli v29.6.1+incompatible/go.mod h1:JLrzqnKDaYBop7H2jaqPtU4hHvMKP+vjCwu2uszcLI8=
github.com/docker/docker-credential-helpers v0.9.8 h1:bIREROb7So6PRlq6KTtdS9MPEjC29OQRkFNlvK2OX8Q=
github.com/docker/docker-credential-helpers v0.9.8/go.mod h1:v1S+hepowrQXITkEfw6o4+BMbGot02wiKpzWhGUZK6c=
github.com/docker/go-connections v0.4.0 h1:El9xVISelRB7BuFusrZozjnkIM5YnzCViNKohAFqRJQ=
github.com/docker/go-connections v0.4.0/go.mod h1:Gbd7IOopHjR8Iph03tsViu4nIes5XhDvyHbTtUxmeec=
github.com/docker/go-units v0.5.0 h1:69rxXcBk27SvSaaxTtLh/8llcHD8vYHT7WSdRZ/jvr4=
github.com/docker/go-units v0.5.0/go.mod h1:fgPhTUdO+D/Jk86RDLlptpiXQzgHJF7gydDDbaIK4Dk=
github.com/felixge/httpsnoop v1.0.4 h1:NFTV2Zj1bL4mc9sqWACXbQFVBBg2W3GPvqp8/ESS2Wg=
github.com/felixge/httpsnoop v1.0.4/go.mod h1:m8KPJKqk1gH5J9DgRY2ASl2lWCfGKXixSwevea8zH2U=
github.com/go-logr/logr v1.2.2/go.mod h1:jdQByPbusPIv2/zmleS9BjJVeZ6kBagPoEUsqbVz/1A=
github.com/go-logr/logr v1.4.3 h1:CjnDlHq8ikf6E492q6eKboGOC0T8CDaOvkHCIg8idEI=
github.com/go-logr/logr v1.4.3/go.mod h1:9T104GzyrTigFIr8wt5mBrctHMim0Nb2HLGrmQ40KvY=
github.com/go-logr/stdr v1.2.2 h1:hSWxHoqTgW2S2qGc0LTAI563KZ5YKYRhT3MFKZMbjag=
github.com/go-logr/stdr v1.2.2/go.mod h1:mMo/vtBO5dYbehREoey6XUKy/eSumjCCveDpRre4VKE=
github.com/go-viper/mapstructure/v2 v2.5.0 h1:vM5IJoUAy3d7zRSVtIwQgBj7BiWtMPfmPEgAXnvj1Ro=
github.com/go-viper/mapstructure/v2 v2.5.0/go.mod h1:oJDH3BJKyqBA2TXFhDsKDGDTlndYOZ6rGS0BRZIxGhM=
github.com/golang-jwt/jwt/v5 v5.3.1 h1:kYf81DTWFe7t+1VvL7eS+jKFVWaUnK9cB1qbwn63YCY=
github.com/golang-jwt/jwt/v5 v5.3.1/go.mod h1:fxCRLWMO43lRc8nhHWY6LGqRcf+1gQWArsqaEUEa5bE=
github.com/golang/protobuf v1.5.4 h1:i7eJL8qZTpSEXOPTxNKhASYpMn+8e5Q6AdndVa1dWek=
github.com/golang/protobuf v1.5.4/go.mod h1:lnTiLA8Wa4RWRcIUkrtSVa5nRhsEGBg48fD6rSs7xps=
github.com/google/go-cmp v0.7.0 h1:wk8382ETsv4JYUZwIsn6YpYiWiBsYLSJiTsyBybVuN8=
github.com/google/go-cmp v0.7.0/go.mod h1:pXiqmnSA92OHEEa9HXL2W4E7lf9JzCmGVUdgjX3N/iU=
github.com/google/uuid v1.6.0 h1:NIvaJDMOsjHA8n1jAhLSgzrAzy1Hgr+hNrb57e+94F0=
github.com/google/uuid v1.6.0/go.mod h1:TIyPZe4MgqvfeYDBFedMoGGpEw/LqOeaOT+nhxU+yHo=
github.com/hashicorp/errwrap v1.0.0/go.mod h1:YH+1FKiLXxHSkmPseP+kNlulaMuP3n2brvKWEqk/Jc4=
github.com/hashicorp/errwrap v1.1.0 h1:OxrOeh75EUXMY8TBjag2fzXGZ40LB6IKw45YeGUDY2I=
github.com/hashicorp/errwrap v1.1.0/go.mod h1:YH+1FKiLXxHSkmPseP+kNlulaMuP3n2brvKWEqk/Jc4=
github.com/hashicorp/go-multierror v1.1.1 h1:H5DkEtf6CXdFp0N0Em5UCwQpXMWke8IA0+lD48awMYo=
github.com/hashicorp/go-multierror v1.1.1/go.mod h1:iw975J/qwKPdAO1clOe2L8331t/9/fmwbPZ6JB6eMoM=
github.com/in-toto/attestation v1.2.0 h1:aPRUZ3azbqD7yEBD5fP3TD8Dszf+YHo284SOcpahjQk=
github.com/in-toto/attestation v1.2.0/go.mod h1:r79G45gOmzPismgObLSL+rZTFxUgZLOQJI6LofTZgXk=
github.com/in-toto/in-toto-golang v0.11.0 h1:nfidMYBFx+E0lnmX5KUnN2Pdm8zdNKal1ayjJuzzRoA=
github.com/in-toto/in-toto-golang v0.11.0/go.mod h1:u3PjTnwFKjp5a1YCcw8SJg0G+tMeKfVoWsWeFMDCMtw=
github.com/inhies/go-bytesize v0.0.0-20220417184213-4913239db9cf h1:FtEj8sfIcaaBfAKrE1Cwb61YDtYq9JxChK1c7AKce7s=
github.com/inhies/go-bytesize v0.0.0-20220417184213-4913239db9cf/go.mod h1:yrqSXGoD/4EKfF26AOGzscPOgTTJcyAwM2rpixWT+t4=
github.com/klauspost/compress v1.18.6 h1:2jupLlAwFm95+YDR+NwD2MEfFO9d4z4Prjl1XXDjuao=
github.com/klauspost/compress v1.18.6/go.mod h1:cwPg85FWrGar70rWktvGQj8/hthj3wpl0PGDogxkrSQ=
github.com/kr/pretty v0.3.1 h1:flRD4NNwYAUpkphVc1HcthR4KEIFJ65n8Mw5qdRn3LE=
github.com/kr/pretty v0.3.1/go.mod h1:hoEshYVHaxMs3cyo3Yncou5ZscifuDolrwPKZanG3xk=
github.com/kr/text v0.2.0 h1:5Nx0Ya0ZqY2ygV366QzturHI13Jq95ApcVaJBhpS+AY=
github.com/kr/text v0.2.0/go.mod h1:eLer722TekiGuMkidMxC/pM04lWEeraHUUmBw8l2grE=
github.com/mattn/go-shellwords v1.0.12 h1:M2zGm7EW6UQJvDeQxo4T51eKPurbeFbe8WtebGE2xrk=
github.com/mattn/go-shellwords v1.0.12/go.mod h1:EZzvwXDESEeg03EKmM+RmDnNOPKG4lLtQsUlTZDWQ8Y=
github.com/moby/buildkit v0.31.1 h1:j3p55abBl4kiXXPZgYX+6zWgB2aefqHXoPown12fIzU=
github.com/moby/buildkit v0.31.1/go.mod h1:YM5iNEbNCc6L1Zt3YWFB/aXNLufvf4Rcu0DPlc9HwQg=
github.com/moby/locker v1.0.1 h1:fOXqR41zeveg4fFODix+1Ch4mj/gT0NE1XJbp/epuBg=
github.com/moby/locker v1.0.1/go.mod h1:S7SDdo5zpBK84bzzVlKr2V0hz+7x9hWbYC/kq7oQppc=
github.com/opencontainers/go-digest v1.0.0 h1:apOUWs51W5PlhuyGyz9FCeeBIOUDA/6nW8Oi/yOhh5U=
github.com/opencontainers/go-digest v1.0.0/go.mod h1:0JzlMkj0TRzQZfJkVvzbP0HBR3IKzErnv2BNG4W4MAM=
github.com/opencontainers/image-spec v1.1.1 h1:y0fUlFfIZhPF1W537XOLg0/fcx6zcHCJwooC2xJA040=
github.com/opencontainers/image-spec v1.1.1/go.mod h1:qpqAh3Dmcf36wStyyWU+kCeDgrGnAve2nCC8+7h8Q0M=
github.com/pkg/errors v0.9.1 h1:FEBLx1zS214owpjy7qsBeixbURkuhQAwrK5UwLGTwt4=
github.com/pkg/errors v0.9.1/go.mod h1:bwawxfHBFNV+L2hUp1rHADufV3IMtnDRdf1r5NINEl0=
github.com/planetscale/vtprotobuf v0.6.1-0.20240319094008-0393e58bdf10 h1:GFCKgmp0tecUJ0sJuv4pzYCqS9+RGSn52M3FUwPs+uo=
github.com/planetscale/vtprotobuf v0.6.1-0.20240319094008-0393e58bdf10/go.mod h1:t/avpk3KcrXxUnYOhZhMXJlSEyie6gQbtLq5NM3loB8=
github.com/pmezard/go-difflib v1.0.1-0.20181226105442-5d4384ee4fb2 h1:Jamvg5psRIccs7FGNTlIRMkT8wgtp5eCXdBlqhYGL6U=
github.com/pmezard/go-difflib v1.0.1-0.20181226105442-5d4384ee4fb2/go.mod h1:iKH77koFhYxTK1pcRnkKkqfTogsbg7gZNVY4sRDYZ/4=
github.com/prometheus/procfs v0.20.1 h1:XwbrGOIplXW/AU3YhIhLODXMJYyC1isLFfYCsTEycfc=
github.com/prometheus/procfs v0.20.1/go.mod h1:o9EMBZGRyvDrSPH1RqdxhojkuXstoe4UlK79eF5TGGo=
github.com/rogpeppe/go-internal v1.14.1 h1:UQB4HGPB6osV0SQTLymcB4TgvyWu6ZyliaW0tI/otEQ=
github.com/rogpeppe/go-internal v1.14.1/go.mod h1:MaRKkUm5W0goXpeCfT7UZI6fk/L7L7so1lCWt35ZSgc=
github.com/santhosh-tekuri/jsonschema/v6 v6.0.1 h1:PKK9DyHxif4LZo+uQSgXNqs0jj5+xZwwfKHgph2lxBw=
github.com/santhosh-tekuri/jsonschema/v6 v6.0.1/go.mod h1:JXeL+ps8p7/KNMjDQk3TCwPpBy0wYklyWTfbkIzdIFU=
github.com/secure-systems-lab/go-securesystemslib v0.11.0 h1:iuCR9kcMFD4QurdKrGvPLoKZLv9YvwPYVr0473BdtFs=
github.com/secure-systems-lab/go-securesystemslib v0.11.0/go.mod h1:+PMOTjUGwHj2vcZ+TFKlb1tXRbrdWE1LYDT5i9JC80Q=
github.com/shibumi/go-pathspec v1.3.0 h1:QUyMZhFo0Md5B8zV8x2tesohbb5kfbpTi9rBnKh5dkI=
github.com/shibumi/go-pathspec v1.3.0/go.mod h1:Xutfslp817l2I1cZvgcfeMQJG5QnU2lh5tVaaMCl3jE=
github.com/sirupsen/logrus v1.9.4 h1:TsZE7l11zFCLZnZ+teH4Umoq5BhEIfIzfRDZ1Uzql2w=
github.com/sirupsen/logrus v1.9.4/go.mod h1:ftWc9WdOfJ0a92nsE2jF5u5ZwH8Bv2zdeOC42RjbV2g=
github.com/stretchr/testify v1.11.1 h1:7s2iGBzp5EwR7/aIZr8ao5+dra3wiQyKjjFuvgVKu7U=
github.com/stretchr/testify v1.11.1/go.mod h1:wZwfW3scLgRK+23gO65QZefKpKQRnfz6sD981Nm4B6U=
github.com/xhit/go-str2duration/v2 v2.1.0 h1:lxklc02Drh6ynqX+DdPyp5pCKLUQpRT8bp8Ydu2Bstc=
github.com/xhit/go-str2duration/v2 v2.1.0/go.mod h1:ohY8p+0f07DiV6Em5LKB0s2YpLtXVyJfNt1+BlmyAsU=
go.opentelemetry.io/auto/sdk v1.2.1 h1:jXsnJ4Lmnqd11kwkBV2LgLoFMZKizbCi5fNZ/ipaZ64=
go.opentelemetry.io/auto/sdk v1.2.1/go.mod h1:KRTj+aOaElaLi+wW1kO/DZRXwkF4C5xPbEe3ZiIhN7Y=
go.opentelemetry.io/contrib/instrumentation/google.golang.org/grpc/otelgrpc v0.69.0 h1:2yEATaop1/a1I4psnSLgWVPLWwCzkqWakgJy7xTDVy0=
go.opentelemetry.io/contrib/instrumentation/google.golang.org/grpc/otelgrpc v0.69.0/go.mod h1:D7J12YRapIekYyPWgGPlA/23pRmpSEZC5xJC/TTLI9U=
go.opentelemetry.io/contrib/instrumentation/net/http/httptrace/otelhttptrace v0.69.0 h1:MCcYL7J6Vt/X0kjqbMZkekCmwsurbQRbL69vkiye2lk=
go.opentelemetry.io/contrib/instrumentation/net/http/httptrace/otelhttptrace v0.69.0/go.mod h1:3jnStNwSufK+f5ktjL4EPcwtig4rtd81NS70lqHuXl8=
go.opentelemetry.io/contrib/instrumentation/net/http/otelhttp v0.69.0 h1:8tvICD4vSTOOsNrsI4Ljf6C+6UKvpTEH5XY3JMoyPoo=
go.opentelemetry.io/contrib/instrumentation/net/http/otelhttp v0.69.0/go.mod h1:z9+yiacE0IHRqM4qFfkbt/JYlmYXgss8GY/jXoNuPJI=
go.opentelemetry.io/otel v1.44.0 h1:JjwHmHpA4iZ3wBxluu2fbbE7j4kqlE8jXyAyPXH7HqU=
go.opentelemetry.io/otel v1.44.0/go.mod h1:BMgjTHL9WPRlRjL2oZCBTL4whCGtXch2H4BhOPIAyYc=
go.opentelemetry.io/otel/metric v1.44.0 h1:1w0gILTcHdr3YI+ixLyjemwrVnsMURbTZFrSYCdDdmc=
go.opentelemetry.io/otel/metric v1.44.0/go.mod h1:8O7hanEPBNgEMmybD3s2VBKcgWOCsA6tzHBPODAiquo=
go.opentelemetry.io/otel/sdk v1.44.0 h1:nHYwb9lK+fJPU/dnT6s7W7Z8itMWyqrnVfbheVYrZ58=
go.opentelemetry.io/otel/sdk v1.44.0/go.mod h1:Osuydd3Se74nqjAKxid74N5eC+jfEqfTegHRnq58oK0=
go.opentelemetry.io/otel/sdk/metric v1.44.0 h1:3LlKgI+VjbVsjNRFZJZAJ30WjXC5VkNRks6si09iEfI=
go.opentelemetry.io/otel/sdk/metric v1.44.0/go.mod h1:5B5pMARnXxKhltooO4xUuCBorl65a4EpnTalObqOigA=
go.opentelemetry.io/otel/trace v1.44.0 h1:jxF5CsGYCe74MCRx2X4g7WsY/VBKRqqpNvXlX/6gtIk=
go.opentelemetry.io/otel/trace v1.44.0/go.mod h1:oLl1jrMQAVo6v3GAggN+1VH9VIz9iUSvW53sW1Q8PIE=
go.uber.org/goleak v1.3.0 h1:2K3zAYmnTNqV73imy9J1T3WC+gmCePx2hEGkimedGto=
go.uber.org/goleak v1.3.0/go.mod h1:CoHD4mav9JJNrW/WLlf7HGZPjdw8EucARQHekz1X6bE=
go.yaml.in/yaml/v4 v4.0.0-rc.6 h1:1h7H1ohdUh93/FyE4YaDa1Zh64K6VVbjF4K6WUxMtH4=
go.yaml.in/yaml/v4 v4.0.0-rc.6/go.mod h1:aZqd9kCMsGL7AuUv/m/PvWLdg5sjJsZ4oHDEnfPPfY0=
golang.org/x/crypto v0.53.0 h1:QZ4Muo8THX6CizN2vPPd5fBGHyogrdK9fG4wLPFUsto=
golang.org/x/crypto v0.53.0/go.mod h1:DNLU434OwVakk9PzuwV8w62mAJpRJL3vsgcfp4Qnsio=
golang.org/x/net v0.55.0 h1:bcvxaJn3e1U6InsFWt1JUq1aSjnRxLzT2rtD2KfkDF8=
golang.org/x/net v0.55.0/go.mod h1:L5U2KuzuOe1lY7Z+aWVIKK6qEeJXnXV9yzGA+WCHJww=
golang.org/x/sync v0.21.0 h1:HLII4xRRTtCRkxYp4HNFF0Js/Og6q2i++KXbg0gHCwM=
golang.org/x/sync v0.21.0/go.mod h1:9xrNwdLfx4jkKbNva9FpL6vEN7evnE43NNNJQ2LF3+0=
golang.org/x/sys v0.47.0 h1:o7XGOvZQCADBQQ4Y7VNq2dRWQR7JmOUW8Kxx4ZsNgWs=
golang.org/x/sys v0.47.0/go.mod h1:4GL1E5IUh+htKOUEOaiffhrAeqysfVGipDYzABqnCmw=
golang.org/x/term v0.44.0 h1:0rLvDRCtNj0gZkyIXhCyOb2OAzEhLVqc4B+hrsBhrmc=
golang.org/x/term v0.44.0/go.mod h1:7ze4MdzUzLXpSAoFP1H0bOI9aXDqveSvatT5vKcFh2Y=
golang.org/x/text v0.38.0 h1:sXmwo9DwP3OK9EZ7PqAdaooSGozfl/3a6/xJcbzPRhE=
golang.org/x/text v0.38.0/go.mod h1:YXZt3QhHUKYT53r2lLKFIVi6Ao1jdzrTR/KQ09qyxF4=
gonum.org/v1/gonum v0.17.0 h1:VbpOemQlsSMrYmn7T2OUvQ4dqxQXU+ouZFQsZOx50z4=
gonum.org/v1/gonum v0.17.0/go.mod h1:El3tOrEuMpv2UdMrbNlKEh9vd86bmQ6vqIcDwxEOc1E=
google.golang.org/genproto/googleapis/rpc v0.0.0-20260526163538-3dc84a4a5aaa h1:mZHHdPZl0dbGHCflZgAq/Q468DWVFcU2whhB2KAo8fk=
google.golang.org/genproto/googleapis/rpc v0.0.0-20260526163538-3dc84a4a5aaa/go.mod h1:4Hqkh8ycfw05ld/3BWL7rJOSfebL2Q+DVDeRgYgxUU8=
google.golang.org/grpc v1.82.1 h1:NnAxzGRA0677vCa4BUkOAnO5+FfQqVl9iUXeD0IqcGE=
google.golang.org/grpc v1.82.1/go.mod h1:yzTZ1TB1Z3SG+LIYaI+WiE8D5+PZ3ArnrSp8zF3+/ZA=
google.golang.org/protobuf v1.36.12-0.20260120151049-f2248ac996af h1:+5/Sw3GsDNlEmu7TfklWKPdQ0Ykja5VEmq2i817+jbI=
google.golang.org/protobuf v1.36.12-0.20260120151049-f2248ac996af/go.mod h1:HTf+CrKn2C3g5S8VImy6tdcUvCska2kB7j23XfzDpco=
gopkg.in/check.v1 v0.0.0-20161208181325-20d25e280405/go.mod h1:Co6ibVJAznAaIkqp8huTwlJQCZ016jof/cbN4VW5Yz0=
gopkg.in/check.v1 v1.0.0-20201130134442-10cb98267c6c h1:Hei/4ADfdWqJk1ZMxUNpqntNwaWcugrBjAiHlqqRiVk=
gopkg.in/check.v1 v1.0.0-20201130134442-10cb98267c6c/go.mod h1:JHkPIbrfpd72SG/EVd6muEfDQjcINNoR0C8j2r3qZ4Q=
gopkg.in/ini.v1 v1.66.2 h1:XfR1dOYubytKy4Shzc2LHrrGhU0lDCfDGG1yLPmpgsI=
gopkg.in/ini.v1 v1.66.2/go.mod h1:pNLf8WUiyNEtQjuu5G5vTm06TEv9tsIgeAvK8hOrP4k=
gopkg.in/yaml.v3 v3.0.1 h1:fxVm/GzAzEWqLHuvctI91KS9hhNmmWOoWu0XTYJS7CA=
gopkg.in/yaml.v3 v3.0.1/go.mod h1:K4uyk7z7BCEPqu6E+C64Yfv1cQ7kz7rIZviUmN+EgEM=
gotest.tools/v3 v3.4.0 h1:ZazjZUfuVeZGLAmlKKuyv3IKP5orXcwtOwDQH6YVr6o=
gotest.tools/v3 v3.4.0/go.mod h1:CtbdzLSsqVhDgMtKsx03ird5YTGB3ar27v0u/yKBW5g=
